
Microsoft Visual Studio Solution File, Format Version 12.00
# Visual Studio 15
VisualStudioVersion = 15.0.27130.2036
MinimumVisualStudioVersion = 10.0.40219.1
Project("{6EC3EE1D-3C4E-46DD-8F32-0CC8E7565705}") = "distributed-sprint", "distributed-sprint\distributed-sprint.fsproj", "{73CC9DDC-D1DB-4838-A827-1635339E68D0}"
EndProject
Project("{F2A71F9B-5D33-465A-A702-920D77279786}") = "UnitTestProject1", "UnitTestProject1\UnitTestProject1.fsproj", "{1D352D6B-B6CB-49EB-AB64-AAD2AECAE46D}"
EndProject
Global
	GlobalSection(SolutionConfigurationPlatforms) = preSolution
		Debug|Any CPU = Debug|Any CPU
		Release|Any CPU = Release|Any CPU
	EndGlobalSection
	GlobalSection(ProjectConfigurationPlatforms) = postSolution
		{73CC9DDC-D1DB-4838-A827-1635339E68D0}.Debug|Any CPU.ActiveCfg = Debug|Any CPU
		{73CC9DDC-D1DB-4838-A827-1635339E68D0}.Debug|Any CPU.Build.0 = Debug|Any CPU
		{73CC9DDC-D1DB-4838-A827-1635339E68D0}.Release|Any CPU.ActiveCfg = Release|Any CPU
		{73CC9DDC-D1DB-4838-A827-1635339E68D0}.Release|Any CPU.Build.0 = Release|Any CPU
		{1D352D6B-B6CB-49EB-AB64-AAD2AECAE46D}.Debug|Any CPU.ActiveCfg = Debug|Any CPU
		{1D352D6B-B6CB-49EB-AB64-AAD2AECAE46D}.Debug|Any CPU.Build.0 = Debug|Any CPU
		{1D352D6B-B6CB-49EB-AB64-AAD2AECAE46D}.Release|Any CPU.ActiveCfg = Release|Any CPU
		{1D352D6B-B6CB-49EB-AB64-AAD2AECAE46D}.Release|Any CPU.Build.0 = Release|Any CPU
	EndGlobalSection
	GlobalSection(SolutionProperties) = preSolution
		HideSolutionNode = FALSE
	EndGlobalSection
	GlobalSection(ExtensibilityGlobals) = postSolution
		SolutionGuid = {FE5E5B79-D7BA-46A0-B46B-37F8606D1FA0}
	EndGlobalSection
EndGlobal
